# THIS IS AN AUTOGENERATED FILE. DO NOT EDIT THIS FILE DIRECTLY.
# yarn lockfile v1


"@handsontable/formulajs@^2.0.1":
  version "2.0.1"
  resolved "https://registry.yarnpkg.com/@handsontable/formulajs/-/formulajs-2.0.1.tgz#e0b15f085bf485702dd776b6e95269630ae44e98"
  integrity sha512-jTdJO/6ZmuaHoiTdnraGbPkdnA7m0VMrZ54vWXi22WpwnsIKAWbqjWTwvDoSuEpcc7/YHVIVlSDtfXHKmaYhdQ==
  dependencies:
    "@handsontable/jstat" "^1.0.0"
    bessel "^0.2.0"

"@handsontable/jstat@^1.0.0":
  version "1.0.0"
  resolved "https://registry.yarnpkg.com/@handsontable/jstat/-/jstat-1.0.0.tgz#0cb40e6ee44e2e0188bf047c43551920ae220270"
  integrity sha512-5XxZ9xIk6iSjrc1p5N/yI2dofBXp0IzZVgrkETDC196SxoJCRNOeKgM9fTHMhoxa02wuaZPLp6stojlppNxP/A==

"@types/pikaday@1.6.0":
  version "1.6.0"
  resolved "https://registry.yarnpkg.com/@types/pikaday/-/pikaday-1.6.0.tgz#46c1d67a9ef706284ac2b72bf31bf381a56bf3c0"
  integrity sha512-cnKjF7i6oA1ADxQdSWHcEStLZeiH8qbf6l7B9O88PhLgnmbUMM62ali0/PaDtINm6ezpNcqtERWL6Y+pAgHKQQ==
  dependencies:
    moment ">=2.14.0"

bessel@^0.2.0:
  version "0.2.0"
  resolved "https://registry.yarnpkg.com/bessel/-/bessel-0.2.0.tgz#13cb39cd29233219ec2da725e0ba0c66fb46b6f2"
  integrity sha1-E8s5zSkjMhnsLacl4LoMZvtGtvI=
  dependencies:
    voc ""

bignumber.js@^4.0.4:
  version "4.1.0"
  resolved "https://registry.yarnpkg.com/bignumber.js/-/bignumber.js-4.1.0.tgz#db6f14067c140bd46624815a7916c92d9b6c24b1"
  integrity sha512-eJzYkFYy9L4JzXsbymsFn3p54D+llV27oTQ+ziJG7WFRheJcNZilgVXMG0LoZtlQSKBsJdWtLFqOD0u+U0jZKA==

choices.js@^9.0.1:
  version "9.0.1"
  resolved "https://registry.yarnpkg.com/choices.js/-/choices.js-9.0.1.tgz#745fb29af8670428fdc0bf1cc9dfaa404e9d0510"
  integrity sha512-JgpeDY0Tmg7tqY6jaW/druSklJSt7W68tXFJIw0GSGWmO37SDAL8o60eICNGbzIODjj02VNNtf5h6TgoHDtCsA==
  dependencies:
    deepmerge "^4.2.0"
    fuse.js "^3.4.5"
    redux "^4.0.4"

core-js@^3.0.0:
  version "3.4.7"
  resolved "https://registry.yarnpkg.com/core-js/-/core-js-3.4.7.tgz#57c35937da80fe494fbc3adcf9cf3dc00eb86b34"
  integrity sha512-qaPVGw30J1wQ0GR3GvoPqlGf9GZfKKF4kFC7kiHlcsPTqH3txrs9crCp3ZiMAXuSenhz89Jnl4GZs/67S5VOSg==

deepmerge@^4.2.0:
  version "4.2.2"
  resolved "https://registry.yarnpkg.com/deepmerge/-/deepmerge-4.2.2.tgz#44d2ea3679b8f4d4ffba33f03d865fc1e7bf4955"
  integrity sha512-FJ3UgI4gIl+PHZm53knsuSFpE+nESMr7M4v9QcgB7S63Kj/6WqMiFQJpBBYz1Pt+66bZpP3Q7Lye0Oo9MPKEdg==

fuse.js@^3.4.5:
  version "3.4.6"
  resolved "https://registry.yarnpkg.com/fuse.js/-/fuse.js-3.4.6.tgz#545c3411fed88bf2e27c457cab6e73e7af697a45"
  integrity sha512-H6aJY4UpLFwxj1+5nAvufom5b2BT2v45P1MkPvdGIK8fWjQx/7o6tTT1+ALV0yawQvbmvCF0ufl2et8eJ7v7Cg==

handsontable@^7.2.2:
  version "7.2.2"
  resolved "https://registry.yarnpkg.com/handsontable/-/handsontable-7.2.2.tgz#49710139af8cf3af92b85cf95b8ec9fa4cbdcbcb"
  integrity sha512-j3TUmOLAvafgftRFp++G6uSZttM/vhwB490+elJTtRMyQsMWSJsXqxom5wDM6OB1UhklfRQMBSjr0JZlxptlSg==
  dependencies:
    "@types/pikaday" "1.6.0"
    core-js "^3.0.0"
    hot-formula-parser "^3.0.1"
    moment "2.20.1"
    numbro "2.1.1"
    pikaday "1.5.1"

hot-formula-parser@^3.0.1:
  version "3.0.1"
  resolved "https://registry.yarnpkg.com/hot-formula-parser/-/hot-formula-parser-3.0.1.tgz#9ec0d3abd691d9dbe3febec51027ebb7d4f1efd4"
  integrity sha512-QhYPVlVh/GF/hHtBp+MwgDp5kpgrrjeJi3d3/GxTWtqwLBOOM4KlZT/YWcsfZj5JE68MNvFgj3ZzYpkGyvGtwA==
  dependencies:
    "@handsontable/formulajs" "^2.0.1"
    tiny-emitter "^2.0.1"

"js-tokens@^3.0.0 || ^4.0.0":
  version "4.0.0"
  resolved "https://registry.yarnpkg.com/js-tokens/-/js-tokens-4.0.0.tgz#19203fb59991df98e3a287050d4647cdeaf32499"
  integrity sha512-RdJUflcE3cUzKiMqQgsCu06FPu9UdIJO0beYbPhHN4k6apgJtifcoCtT9bcxOpYBtpD2kCM6Sbzg4CausW/PKQ==

loose-envify@^1.4.0:
  version "1.4.0"
  resolved "https://registry.yarnpkg.com/loose-envify/-/loose-envify-1.4.0.tgz#71ee51fa7be4caec1a63839f7e682d8132d30caf"
  integrity sha512-lyuxPGr/Wfhrlem2CL/UcnUc1zcqKAImBDzukY7Y5F/yQiNdko6+fRLevlw1HgMySw7f611UIY408EtxRSoK3Q==
  dependencies:
    js-tokens "^3.0.0 || ^4.0.0"

moment@2.20.1:
  version "2.20.1"
  resolved "https://registry.yarnpkg.com/moment/-/moment-2.20.1.tgz#d6eb1a46cbcc14a2b2f9434112c1ff8907f313fd"
  integrity sha512-Yh9y73JRljxW5QxN08Fner68eFLxM5ynNOAw2LbIB1YAGeQzZT8QFSUvkAz609Zf+IHhhaUxqZK8dG3W/+HEvg==

moment@2.x, moment@>=2.14.0:
  version "2.24.0"
  resolved "https://registry.yarnpkg.com/moment/-/moment-2.24.0.tgz#0d055d53f5052aa653c9f6eb68bb5d12bf5c2b5b"
  integrity sha512-bV7f+6l2QigeBBZSM/6yTNq4P2fNpSWj/0e7jQcy87A8e7o2nAfP/34/2ky5Vw4B9S446EtIhodAzkFCcR4dQg==

numbro@2.1.1:
  version "2.1.1"
  resolved "https://registry.yarnpkg.com/numbro/-/numbro-2.1.1.tgz#b977fc6a769163f90e2e2d7623ff9db4d66bc661"
  integrity sha512-H3VamlHyqYYomNngAbrl/CT92DnOSC2rJxx6hfZrgj0NVnqxAtOvGbwgpOYjv4ASgxodDWBSYHJ1ZxaEq2lfTg==
  dependencies:
    bignumber.js "^4.0.4"

pikaday@1.5.1:
  version "1.5.1"
  resolved "https://registry.yarnpkg.com/pikaday/-/pikaday-1.5.1.tgz#0a48549bc1a14ea1d08c44074d761bc2f2bfcfd3"
  integrity sha1-CkhUm8GhTqHQjEQHTXYbwvK/z9M=
  optionalDependencies:
    moment "2.x"

ramda@^0.26.1:
  version "0.26.1"
  resolved "https://registry.yarnpkg.com/ramda/-/ramda-0.26.1.tgz#8d41351eb8111c55353617fc3bbffad8e4d35d06"
  integrity sha512-hLWjpy7EnsDBb0p+Z3B7rPi3GDeRG5ZtiI33kJhTt+ORCd38AbAIjB/9zRIUoeTbE/AVX5ZkU7m6bznsvrf8eQ==

redux@^4.0.4:
  version "4.0.4"
  resolved "https://registry.yarnpkg.com/redux/-/redux-4.0.4.tgz#4ee1aeb164b63d6a1bcc57ae4aa0b6e6fa7a3796"
  integrity sha512-vKv4WdiJxOWKxK0yRoaK3Y4pxxB0ilzVx6dszU2W8wLxlb2yikRph4iV/ymtdJ6ZxpBLFbyrxklnT5yBbQSl3Q==
  dependencies:
    loose-envify "^1.4.0"
    symbol-observable "^1.2.0"

symbol-observable@^1.2.0:
  version "1.2.0"
  resolved "https://registry.yarnpkg.com/symbol-observable/-/symbol-observable-1.2.0.tgz#c22688aed4eab3cdc2dfeacbb561660560a00804"
  integrity sha512-e900nM8RRtGhlV36KGEU9k65K3mPb1WV70OdjfxlG2EAuM1noi/E/BaW/uMhL7bPEssK8QV57vN3esixjUvcXQ==

tiny-emitter@^2.0.1:
  version "2.1.0"
  resolved "https://registry.yarnpkg.com/tiny-emitter/-/tiny-emitter-2.1.0.tgz#1d1a56edfc51c43e863cbb5382a72330e3555423"
  integrity sha512-NB6Dk1A9xgQPMoGqC5CVXn123gWyte215ONT5Pp5a0yt4nlEoO1ZWeCwpncaekPHXO60i47ihFnZPiRPjRMq4Q==

voc@:
  version "1.1.0"
  resolved "https://registry.yarnpkg.com/voc/-/voc-1.1.0.tgz#d1a08aeff66646bf17cdba2e47c935a7a9b0218b"
  integrity sha512-fthgd8OJLqq8vPcLjElTk6Rcl2e3v5ekcXauImaqEnQqd5yUWKg1+ZOBgS2KTWuVKcuvZMQq4TDptiT1uYddUA==
